
Microsoft Visual Studio Solution File, Format Version 12.00
# Visual Studio Version 17
VisualStudioVersion = 17.3.32929.385
MinimumVisualStudioVersion = 10.0.40219.1
Project("{FAE04EC0-301F-11D3-BF4B-00C04F79EFBC}") = "HelloWorld", "HelloWorld\HelloWorld.csproj", "{F4FA0FA7-4712-4C19-B0A6-4CCAF7C914DD}"
EndProject
Global
	GlobalSection(SolutionConfigurationPlatforms) = preSolution
		Debug|Any CPU = Debug|Any CPU
		Release|Any CPU = Release|Any CPU
	EndGlobalSection
	GlobalSection(ProjectConfigurationPlatforms) = postSolution
		{F4FA0FA7-4712-4C19-B0A6-4CCAF7C914DD}.Debug|Any CPU.ActiveCfg = Debug|Any CPU
		{F4FA0FA7-4712-4C19-B0A6-4CCAF7C914DD}.Debug|Any CPU.Build.0 = Debug|Any CPU
		{F4FA0FA7-4712-4C19-B0A6-4CCAF7C914DD}.Release|Any CPU.ActiveCfg = Release|Any CPU
		{F4FA0FA7-4712-4C19-B0A6-4CCAF7C914DD}.Release|Any CPU.Build.0 = Release|Any CPU
	EndGlobalSection
	GlobalSection(SolutionProperties) = preSolution
		HideSolutionNode = FALSE
	EndGlobalSection
	GlobalSection(ExtensibilityGlobals) = postSolution
		SolutionGuid = {D2F15CAD-CA39-424C-898A-2C5AB4E4C493}
	EndGlobalSection
EndGlobal
